
Microsoft Visual Studio Solution File, Format Version 12.00
# Visual Studio Version 17
VisualStudioVersion = 17.6.33815.320
MinimumVisualStudioVersion = 10.0.40219.1
Project("{FAE04EC0-301F-11D3-BF4B-00C04F79EFBC}") = "APIMidas", "APIMidas\APIMidas.csproj", "{2ECC59D2-2DB8-4D3A-85AC-276E22B812D6}"
EndProject
Project("{FAE04EC0-301F-11D3-BF4B-00C04F79EFBC}") = "DomainMidas", "DomainMidas\DomainMidas.csproj", "{75740261-2A62-444B-BC1B-CCDF96A3ACDC}"
EndProject
Project("{FAE04EC0-301F-11D3-BF4B-00C04F79EFBC}") = "InfrastructureMidas", "InfrastructureMidas\InfrastructureMidas.csproj", "{0A7E26EA-44E3-4EF2-A927-BB35424B86CA}"
EndProject
Global
	GlobalSection(SolutionConfigurationPlatforms) = preSolution
		Debug|Any CPU = Debug|Any CPU
		Release|Any CPU = Release|Any CPU
	EndGlobalSection
	GlobalSection(ProjectConfigurationPlatforms) = postSolution
		{2ECC59D2-2DB8-4D3A-85AC-276E22B812D6}.Debug|Any CPU.ActiveCfg = Debug|Any CPU
		{2ECC59D2-2DB8-4D3A-85AC-276E22B812D6}.Debug|Any CPU.Build.0 = Debug|Any CPU
		{2ECC59D2-2DB8-4D3A-85AC-276E22B812D6}.Release|Any CPU.ActiveCfg = Release|Any CPU
		{2ECC59D2-2DB8-4D3A-85AC-276E22B812D6}.Release|Any CPU.Build.0 = Release|Any CPU
		{75740261-2A62-444B-BC1B-CCDF96A3ACDC}.Debug|Any CPU.ActiveCfg = Debug|Any CPU
		{75740261-2A62-444B-BC1B-CCDF96A3ACDC}.Debug|Any CPU.Build.0 = Debug|Any CPU
		{75740261-2A62-444B-BC1B-CCDF96A3ACDC}.Release|Any CPU.ActiveCfg = Release|Any CPU
		{75740261-2A62-444B-BC1B-CCDF96A3ACDC}.Release|Any CPU.Build.0 = Release|Any CPU
		{0A7E26EA-44E3-4EF2-A927-BB35424B86CA}.Debug|Any CPU.ActiveCfg = Debug|Any CPU
		{0A7E26EA-44E3-4EF2-A927-BB35424B86CA}.Debug|Any CPU.Build.0 = Debug|Any CPU
		{0A7E26EA-44E3-4EF2-A927-BB35424B86CA}.Release|Any CPU.ActiveCfg = Release|Any CPU
		{0A7E26EA-44E3-4EF2-A927-BB35424B86CA}.Release|Any CPU.Build.0 = Release|Any CPU
	EndGlobalSection
	GlobalSection(SolutionProperties) = preSolution
		HideSolutionNode = FALSE
	EndGlobalSection
	GlobalSection(ExtensibilityGlobals) = postSolution
		SolutionGuid = {338282BD-B197-478F-8495-0D7666AC5FD5}
	EndGlobalSection
EndGlobal
